lockfileVersion: 5.4

specifiers:
  '@types/node': ^18.0.6
  prettier: ^2.7.1

devDependencies:
  '@types/node': 18.0.6
  prettier: 2.7.1

packages:

  /@types/node/18.0.6:
    resolution: {integrity: sha512-/xUq6H2aQm261exT6iZTMifUySEt4GR5KX8eYyY+C4MSNPqSh9oNIP7tz2GLKTlFaiBbgZNxffoR3CVRG+cljw==}
    dev: true

  /prettier/2.7.1:
    resolution: {integrity: sha512-ujppO+MkdPqoVINuDFDRLClm7D78qbDt0/NR+wp5FqEZOoTNAjPHWj17QRhu7geIHJfcNhRk1XVQmF8Bp3ye+g==}
    engines: {node: '>=10.13.0'}
    hasBin: true
    dev: true
